
Microsoft Visual Studio Solution File, Format Version 12.00
# Visual Studio 15
VisualStudioVersion = 15.0.27703.2026
MinimumVisualStudioVersion = 10.0.40219.1
Project("{FAE04EC0-301F-11D3-BF4B-00C04F79EFBC}") = "Customer360.Legacy.Reader", "Customer360.Legacy.Reader\Customer360.Legacy.Reader.csproj", "{D9105BFA-83A7-461E-92A4-0668CEC67535}"
EndProject
Project("{FAE04EC0-301F-11D3-BF4B-00C04F79EFBC}") = "Customer360.Legacy.Reader.Test", "..\Customer360.Legacy.Reader.Test\Customer360.Legacy.Reader.Test.csproj", "{B9EE259C-DC42-4793-A2B1-946A125FDBD7}"
EndProject
Project("{FAE04EC0-301F-11D3-BF4B-00C04F79EFBC}") = "Customer360.Event.Processor.Test", "Customer360.Event.Processor.Test\Customer360.Event.Processor.Test.csproj", "{C4957690-1958-4960-A5EB-FF2A66542626}"
EndProject
Global
	GlobalSection(SolutionConfigurationPlatforms) = preSolution
		Debug|Any CPU = Debug|Any CPU
		Release|Any CPU = Release|Any CPU
	EndGlobalSection
	GlobalSection(ProjectConfigurationPlatforms) = postSolution
		{D9105BFA-83A7-461E-92A4-0668CEC67535}.Debug|Any CPU.ActiveCfg = Debug|Any CPU
		{D9105BFA-83A7-461E-92A4-0668CEC67535}.Debug|Any CPU.Build.0 = Debug|Any CPU
		{D9105BFA-83A7-461E-92A4-0668CEC67535}.Release|Any CPU.ActiveCfg = Release|Any CPU
		{D9105BFA-83A7-461E-92A4-0668CEC67535}.Release|Any CPU.Build.0 = Release|Any CPU
		{B9EE259C-DC42-4793-A2B1-946A125FDBD7}.Debug|Any CPU.ActiveCfg = Debug|Any CPU
		{B9EE259C-DC42-4793-A2B1-946A125FDBD7}.Debug|Any CPU.Build.0 = Debug|Any CPU
		{B9EE259C-DC42-4793-A2B1-946A125FDBD7}.Release|Any CPU.ActiveCfg = Release|Any CPU
		{B9EE259C-DC42-4793-A2B1-946A125FDBD7}.Release|Any CPU.Build.0 = Release|Any CPU
		{C4957690-1958-4960-A5EB-FF2A66542626}.Debug|Any CPU.ActiveCfg = Debug|Any CPU
		{C4957690-1958-4960-A5EB-FF2A66542626}.Debug|Any CPU.Build.0 = Debug|Any CPU
		{C4957690-1958-4960-A5EB-FF2A66542626}.Release|Any CPU.ActiveCfg = Release|Any CPU
		{C4957690-1958-4960-A5EB-FF2A66542626}.Release|Any CPU.Build.0 = Release|Any CPU
	EndGlobalSection
	GlobalSection(SolutionProperties) = preSolution
		HideSolutionNode = FALSE
	EndGlobalSection
	GlobalSection(ExtensibilityGlobals) = postSolution
		SolutionGuid = {35D8F7BD-913B-4011-B1FD-3CE5261A92EA}
	EndGlobalSection
EndGlobal
